
Microsoft Visual Studio Solution File, Format Version 12.00
# Visual Studio 15
VisualStudioVersion = 15.0.33026.149
MinimumVisualStudioVersion = 10.0.40219.1
Project("{FAE04EC0-301F-11D3-BF4B-00C04F79EFBC}") = "madoka", "madoka\madoka.csproj", "{58AAA74F-7E33-460B-981F-D79C60CF2935}"
EndProject
Project("{FAE04EC0-301F-11D3-BF4B-00C04F79EFBC}") = "install_test", "install_test\install_test.csproj", "{D7E2C374-FA46-44A6-AE98-8995F349E933}"
EndProject
Project("{FAE04EC0-301F-11D3-BF4B-00C04F79EFBC}") = "testguid00", "testguid00\testguid00.csproj", "{A8B58AAF-D680-4325-8FDD-CED6EBFA6A58}"
EndProject
Global
	GlobalSection(SolutionConfigurationPlatforms) = preSolution
		Debug|Any CPU = Debug|Any CPU
		Release|Any CPU = Release|Any CPU
	EndGlobalSection
	GlobalSection(ProjectConfigurationPlatforms) = postSolution
		{58AAA74F-7E33-460B-981F-D79C60CF2935}.Debug|Any CPU.ActiveCfg = Debug|Any CPU
		{58AAA74F-7E33-460B-981F-D79C60CF2935}.Debug|Any CPU.Build.0 = Debug|Any CPU
		{58AAA74F-7E33-460B-981F-D79C60CF2935}.Release|Any CPU.ActiveCfg = Release|Any CPU
		{58AAA74F-7E33-460B-981F-D79C60CF2935}.Release|Any CPU.Build.0 = Release|Any CPU
		{D7E2C374-FA46-44A6-AE98-8995F349E933}.Debug|Any CPU.ActiveCfg = Debug|Any CPU
		{D7E2C374-FA46-44A6-AE98-8995F349E933}.Debug|Any CPU.Build.0 = Debug|Any CPU
		{D7E2C374-FA46-44A6-AE98-8995F349E933}.Release|Any CPU.ActiveCfg = Release|Any CPU
		{D7E2C374-FA46-44A6-AE98-8995F349E933}.Release|Any CPU.Build.0 = Release|Any CPU
		{A8B58AAF-D680-4325-8FDD-CED6EBFA6A58}.Debug|Any CPU.ActiveCfg = Debug|Any CPU
		{A8B58AAF-D680-4325-8FDD-CED6EBFA6A58}.Debug|Any CPU.Build.0 = Debug|Any CPU
		{A8B58AAF-D680-4325-8FDD-CED6EBFA6A58}.Release|Any CPU.ActiveCfg = Release|Any CPU
		{A8B58AAF-D680-4325-8FDD-CED6EBFA6A58}.Release|Any CPU.Build.0 = Release|Any CPU
	EndGlobalSection
	GlobalSection(SolutionProperties) = preSolution
		HideSolutionNode = FALSE
	EndGlobalSection
	GlobalSection(ExtensibilityGlobals) = postSolution
		SolutionGuid = {3F436459-B662-493D-95B4-3B7870063098}
	EndGlobalSection
EndGlobal
