
Microsoft Visual Studio Solution File, Format Version 12.00
# Visual Studio 15
VisualStudioVersion = 15.0.33026.149
MinimumVisualStudioVersion = 10.0.40219.1
Project("{FAE04EC0-301F-11D3-BF4B-00C04F79EFBC}") = "madoka", "madoka\madoka.csproj", "{58AAA74F-7E33-460B-981F-D79C60CF2935}"
EndProject
Project("{FAE04EC0-301F-11D3-BF4B-00C04F79EFBC}") = "install_test", "install_test\install_test.csproj", "{D7E2C374-FA46-44A6-AE98-8995F349E933}"
EndProject
Project("{FAE04EC0-301F-11D3-BF4B-00C04F79EFBC}") = "testguid00", "testguid00\testguid00.csproj", "{A8B58AAF-D680-4325-8FDD-CED6EBFA6A58}"
EndProject
Project("{FAE04EC0-301F-11D3-BF4B-00C04F79EFBC}") = "madoka_test", "madoka_test\madoka_test.csproj", "{562647EA-B67E-45C4-9A78-912C3A796BB7}"
EndProject
Project("{8BC9CEB8-8B4A-11D0-8D11-00A0C91BC942}") = "cpp00", "cpp00\cpp00.vcxproj", "{14359572-83D7-4E88-8BCC-4E1F44DF110F}"
EndProject
Global
	GlobalSection(SolutionConfigurationPlatforms) = preSolution
		Debug|Any CPU = Debug|Any CPU
		Debug|x64 = Debug|x64
		Debug|x86 = Debug|x86
		Release|Any CPU = Release|Any CPU
		Release|x64 = Release|x64
		Release|x86 = Release|x86
	EndGlobalSection
	GlobalSection(ProjectConfigurationPlatforms) = postSolution
		{58AAA74F-7E33-460B-981F-D79C60CF2935}.Debug|Any CPU.ActiveCfg = Debug|Any CPU
		{58AAA74F-7E33-460B-981F-D79C60CF2935}.Debug|Any CPU.Build.0 = Debug|Any CPU
		{58AAA74F-7E33-460B-981F-D79C60CF2935}.Debug|x64.ActiveCfg = Debug|Any CPU
		{58AAA74F-7E33-460B-981F-D79C60CF2935}.Debug|x64.Build.0 = Debug|Any CPU
		{58AAA74F-7E33-460B-981F-D79C60CF2935}.Debug|x86.ActiveCfg = Debug|Any CPU
		{58AAA74F-7E33-460B-981F-D79C60CF2935}.Debug|x86.Build.0 = Debug|Any CPU
		{58AAA74F-7E33-460B-981F-D79C60CF2935}.Release|Any CPU.ActiveCfg = Release|Any CPU
		{58AAA74F-7E33-460B-981F-D79C60CF2935}.Release|Any CPU.Build.0 = Release|Any CPU
		{58AAA74F-7E33-460B-981F-D79C60CF2935}.Release|x64.ActiveCfg = Release|Any CPU
		{58AAA74F-7E33-460B-981F-D79C60CF2935}.Release|x64.Build.0 = Release|Any CPU
		{58AAA74F-7E33-460B-981F-D79C60CF2935}.Release|x86.ActiveCfg = Release|Any CPU
		{58AAA74F-7E33-460B-981F-D79C60CF2935}.Release|x86.Build.0 = Release|Any CPU
		{D7E2C374-FA46-44A6-AE98-8995F349E933}.Debug|Any CPU.ActiveCfg = Debug|Any CPU
		{D7E2C374-FA46-44A6-AE98-8995F349E933}.Debug|Any CPU.Build.0 = Debug|Any CPU
		{D7E2C374-FA46-44A6-AE98-8995F349E933}.Debug|x64.ActiveCfg = Debug|Any CPU
		{D7E2C374-FA46-44A6-AE98-8995F349E933}.Debug|x64.Build.0 = Debug|Any CPU
		{D7E2C374-FA46-44A6-AE98-8995F349E933}.Debug|x86.ActiveCfg = Debug|Any CPU
		{D7E2C374-FA46-44A6-AE98-8995F349E933}.Debug|x86.Build.0 = Debug|Any CPU
		{D7E2C374-FA46-44A6-AE98-8995F349E933}.Release|Any CPU.ActiveCfg = Release|Any CPU
		{D7E2C374-FA46-44A6-AE98-8995F349E933}.Release|Any CPU.Build.0 = Release|Any CPU
		{D7E2C374-FA46-44A6-AE98-8995F349E933}.Release|x64.ActiveCfg = Release|Any CPU
		{D7E2C374-FA46-44A6-AE98-8995F349E933}.Release|x64.Build.0 = Release|Any CPU
		{D7E2C374-FA46-44A6-AE98-8995F349E933}.Release|x86.ActiveCfg = Release|Any CPU
		{D7E2C374-FA46-44A6-AE98-8995F349E933}.Release|x86.Build.0 = Release|Any CPU
		{A8B58AAF-D680-4325-8FDD-CED6EBFA6A58}.Debug|Any CPU.ActiveCfg = Debug|Any CPU
		{A8B58AAF-D680-4325-8FDD-CED6EBFA6A58}.Debug|Any CPU.Build.0 = Debug|Any CPU
		{A8B58AAF-D680-4325-8FDD-CED6EBFA6A58}.Debug|x64.ActiveCfg = Debug|Any CPU
		{A8B58AAF-D680-4325-8FDD-CED6EBFA6A58}.Debug|x64.Build.0 = Debug|Any CPU
		{A8B58AAF-D680-4325-8FDD-CED6EBFA6A58}.Debug|x86.ActiveCfg = Debug|Any CPU
		{A8B58AAF-D680-4325-8FDD-CED6EBFA6A58}.Debug|x86.Build.0 = Debug|Any CPU
		{A8B58AAF-D680-4325-8FDD-CED6EBFA6A58}.Release|Any CPU.ActiveCfg = Release|Any CPU
		{A8B58AAF-D680-4325-8FDD-CED6EBFA6A58}.Release|Any CPU.Build.0 = Release|Any CPU
		{A8B58AAF-D680-4325-8FDD-CED6EBFA6A58}.Release|x64.ActiveCfg = Release|Any CPU
		{A8B58AAF-D680-4325-8FDD-CED6EBFA6A58}.Release|x64.Build.0 = Release|Any CPU
		{A8B58AAF-D680-4325-8FDD-CED6EBFA6A58}.Release|x86.ActiveCfg = Release|Any CPU
		{A8B58AAF-D680-4325-8FDD-CED6EBFA6A58}.Release|x86.Build.0 = Release|Any CPU
		{562647EA-B67E-45C4-9A78-912C3A796BB7}.Debug|Any CPU.ActiveCfg = Debug|Any CPU
		{562647EA-B67E-45C4-9A78-912C3A796BB7}.Debug|Any CPU.Build.0 = Debug|Any CPU
		{562647EA-B67E-45C4-9A78-912C3A796BB7}.Debug|x64.ActiveCfg = Debug|Any CPU
		{562647EA-B67E-45C4-9A78-912C3A796BB7}.Debug|x64.Build.0 = Debug|Any CPU
		{562647EA-B67E-45C4-9A78-912C3A796BB7}.Debug|x86.ActiveCfg = Debug|Any CPU
		{562647EA-B67E-45C4-9A78-912C3A796BB7}.Debug|x86.Build.0 = Debug|Any CPU
		{562647EA-B67E-45C4-9A78-912C3A796BB7}.Release|Any CPU.ActiveCfg = Release|Any CPU
		{562647EA-B67E-45C4-9A78-912C3A796BB7}.Release|Any CPU.Build.0 = Release|Any CPU
		{562647EA-B67E-45C4-9A78-912C3A796BB7}.Release|x64.ActiveCfg = Release|Any CPU
		{562647EA-B67E-45C4-9A78-912C3A796BB7}.Release|x64.Build.0 = Release|Any CPU
		{562647EA-B67E-45C4-9A78-912C3A796BB7}.Release|x86.ActiveCfg = Release|Any CPU
		{562647EA-B67E-45C4-9A78-912C3A796BB7}.Release|x86.Build.0 = Release|Any CPU
		{14359572-83D7-4E88-8BCC-4E1F44DF110F}.Debug|Any CPU.ActiveCfg = Debug|x64
		{14359572-83D7-4E88-8BCC-4E1F44DF110F}.Debug|Any CPU.Build.0 = Debug|x64
		{14359572-83D7-4E88-8BCC-4E1F44DF110F}.Debug|x64.ActiveCfg = Debug|x64
		{14359572-83D7-4E88-8BCC-4E1F44DF110F}.Debug|x64.Build.0 = Debug|x64
		{14359572-83D7-4E88-8BCC-4E1F44DF110F}.Debug|x86.ActiveCfg = Debug|Win32
		{14359572-83D7-4E88-8BCC-4E1F44DF110F}.Debug|x86.Build.0 = Debug|Win32
		{14359572-83D7-4E88-8BCC-4E1F44DF110F}.Release|Any CPU.ActiveCfg = Release|Win32
		{14359572-83D7-4E88-8BCC-4E1F44DF110F}.Release|x64.ActiveCfg = Release|x64
		{14359572-83D7-4E88-8BCC-4E1F44DF110F}.Release|x64.Build.0 = Release|x64
		{14359572-83D7-4E88-8BCC-4E1F44DF110F}.Release|x86.ActiveCfg = Release|Win32
		{14359572-83D7-4E88-8BCC-4E1F44DF110F}.Release|x86.Build.0 = Release|Win32
	EndGlobalSection
	GlobalSection(SolutionProperties) = preSolution
		HideSolutionNode = FALSE
	EndGlobalSection
	GlobalSection(ExtensibilityGlobals) = postSolution
		SolutionGuid = {3F436459-B662-493D-95B4-3B7870063098}
	EndGlobalSection
EndGlobal
